
Microsoft Visual Studio Solution File, Format Version 12.00
# Visual Studio Version 16
VisualStudioVersion = 16.0.29920.165
MinimumVisualStudioVersion = 10.0.40219.1
Project("{FAE04EC0-301F-11D3-BF4B-00C04F79EFBC}") = "MyFrstUDF", "MyFrstUDF\MyFrstUDF.csproj", "{4AF3A326-DDFE-42FB-BA7A-BE87A75B22AF}"
EndProject
Global
	GlobalSection(SolutionConfigurationPlatforms) = preSolution
		Debug|Any CPU = Debug|Any CPU
		Release|Any CPU = Release|Any CPU
	EndGlobalSection
	GlobalSection(ProjectConfigurationPlatforms) = postSolution
		{4AF3A326-DDFE-42FB-BA7A-BE87A75B22AF}.Debug|Any CPU.ActiveCfg = Debug|Any CPU
		{4AF3A326-DDFE-42FB-BA7A-BE87A75B22AF}.Debug|Any CPU.Build.0 = Debug|Any CPU
		{4AF3A326-DDFE-42FB-BA7A-BE87A75B22AF}.Release|Any CPU.ActiveCfg = Release|Any CPU
		{4AF3A326-DDFE-42FB-BA7A-BE87A75B22AF}.Release|Any CPU.Build.0 = Release|Any CPU
	EndGlobalSection
	GlobalSection(SolutionProperties) = preSolution
		HideSolutionNode = FALSE
	EndGlobalSection
	GlobalSection(ExtensibilityGlobals) = postSolution
		SolutionGuid = {7109FCD5-B711-4E63-A9D9-90F658C48815}
	EndGlobalSection
EndGlobal
